
Microsoft Visual Studio Solution File, Format Version 12.00
Project("{2150E333-8FDC-42A3-9474-1A3956D46DE8}") = "Solution Items", "Solution Items", "{0587E8C6-D31D-48BD-93A9-37720DCBBAC0}"
	ProjectSection(SolutionItems) = preProject
		docker-compose.yml = docker-compose.yml
		README.md = README.md
		contributing.md = contributing.md
	EndProjectSection
EndProject
Project("{2150E333-8FDC-42A3-9474-1A3956D46DE8}") = "src", "src", "{5F05F4CF-7097-4545-9311-37D47506807B}"
EndProject
Project("{FAE04EC0-301F-11D3-BF4B-00C04F79EFBC}") = "Karly.Api", "src\Karly.Api\Karly.Api.csproj", "{244CA945-5186-474D-9E3B-AD34FEEE09EC}"
EndProject
Project("{FAE04EC0-301F-11D3-BF4B-00C04F79EFBC}") = "Karly.Application", "src\Karly.Application\Karly.Application.csproj", "{B151CC74-255E-463D-AF6A-0D9CA2FCFA70}"
EndProject
Project("{FAE04EC0-301F-11D3-BF4B-00C04F79EFBC}") = "Karly.Contracts", "src\Karly.Contracts\Karly.Contracts.csproj", "{DD484B0A-A937-4706-9B89-0287F1A5A6A3}"
EndProject
Project("{2150E333-8FDC-42A3-9474-1A3956D46DE8}") = "tests", "tests", "{5A4C3B45-FB80-49FB-B97C-786D753C9EB0}"
EndProject
Project("{FAE04EC0-301F-11D3-BF4B-00C04F79EFBC}") = "Karly.Api.Tests.Integration", "tests\Karly.Api.Tests.Integration\Karly.Api.Tests.Integration.csproj", "{5233A963-31F8-4767-99CD-0E2F158F17E4}"
EndProject
Global
	GlobalSection(SolutionConfigurationPlatforms) = preSolution
		Debug|Any CPU = Debug|Any CPU
		Release|Any CPU = Release|Any CPU
	EndGlobalSection
	GlobalSection(ProjectConfigurationPlatforms) = postSolution
		{244CA945-5186-474D-9E3B-AD34FEEE09EC}.Debug|Any CPU.ActiveCfg = Debug|Any CPU
		{244CA945-5186-474D-9E3B-AD34FEEE09EC}.Debug|Any CPU.Build.0 = Debug|Any CPU
		{244CA945-5186-474D-9E3B-AD34FEEE09EC}.Release|Any CPU.ActiveCfg = Release|Any CPU
		{244CA945-5186-474D-9E3B-AD34FEEE09EC}.Release|Any CPU.Build.0 = Release|Any CPU
		{B151CC74-255E-463D-AF6A-0D9CA2FCFA70}.Debug|Any CPU.ActiveCfg = Debug|Any CPU
		{B151CC74-255E-463D-AF6A-0D9CA2FCFA70}.Debug|Any CPU.Build.0 = Debug|Any CPU
		{B151CC74-255E-463D-AF6A-0D9CA2FCFA70}.Release|Any CPU.ActiveCfg = Release|Any CPU
		{B151CC74-255E-463D-AF6A-0D9CA2FCFA70}.Release|Any CPU.Build.0 = Release|Any CPU
		{DD484B0A-A937-4706-9B89-0287F1A5A6A3}.Debug|Any CPU.ActiveCfg = Debug|Any CPU
		{DD484B0A-A937-4706-9B89-0287F1A5A6A3}.Debug|Any CPU.Build.0 = Debug|Any CPU
		{DD484B0A-A937-4706-9B89-0287F1A5A6A3}.Release|Any CPU.ActiveCfg = Release|Any CPU
		{DD484B0A-A937-4706-9B89-0287F1A5A6A3}.Release|Any CPU.Build.0 = Release|Any CPU
		{5233A963-31F8-4767-99CD-0E2F158F17E4}.Debug|Any CPU.ActiveCfg = Debug|Any CPU
		{5233A963-31F8-4767-99CD-0E2F158F17E4}.Debug|Any CPU.Build.0 = Debug|Any CPU
		{5233A963-31F8-4767-99CD-0E2F158F17E4}.Release|Any CPU.ActiveCfg = Release|Any CPU
		{5233A963-31F8-4767-99CD-0E2F158F17E4}.Release|Any CPU.Build.0 = Release|Any CPU
	EndGlobalSection
	GlobalSection(NestedProjects) = preSolution
		{244CA945-5186-474D-9E3B-AD34FEEE09EC} = {5F05F4CF-7097-4545-9311-37D47506807B}
		{B151CC74-255E-463D-AF6A-0D9CA2FCFA70} = {5F05F4CF-7097-4545-9311-37D47506807B}
		{DD484B0A-A937-4706-9B89-0287F1A5A6A3} = {5F05F4CF-7097-4545-9311-37D47506807B}
		{5233A963-31F8-4767-99CD-0E2F158F17E4} = {5A4C3B45-FB80-49FB-B97C-786D753C9EB0}
	EndGlobalSection
EndGlobal
